
Microsoft Visual Studio Solution File, Format Version 12.00
# Visual Studio Version 17
VisualStudioVersion = 17.12.35527.113 d17.12
MinimumVisualStudioVersion = 10.0.40219.1
Project("{888888A0-9F3D-457C-B088-3A5042F75D52}") = "Band Name", "..\..\100-Days-Of-Code-Python\Day1\Band Name\Band Name\Band Name.pyproj", "{D1A929A6-038B-4DA0-A9E2-A710B862C484}"
EndProject
Global
	GlobalSection(SolutionConfigurationPlatforms) = preSolution
		Debug|Any CPU = Debug|Any CPU
		Release|Any CPU = Release|Any CPU
	EndGlobalSection
	GlobalSection(ProjectConfigurationPlatforms) = postSolution
		{D1A929A6-038B-4DA0-A9E2-A710B862C484}.Debug|Any CPU.ActiveCfg = Debug|Any CPU
		{D1A929A6-038B-4DA0-A9E2-A710B862C484}.Release|Any CPU.ActiveCfg = Release|Any CPU
	EndGlobalSection
	GlobalSection(SolutionProperties) = preSolution
		HideSolutionNode = FALSE
	EndGlobalSection
EndGlobal
